
Microsoft Visual Studio Solution File, Format Version 9.00
# Visual Studio 2005
Project("{E24C65DC-7377-472B-9ABA-BC803B73C61A}") = "C:\...\ShoppingCartExample\", "ShoppingCartExample\", "{6139F4C3-3626-4B83-B403-19351A894567}"
	ProjectSection(WebsiteProperties) = preProject
		Debug.AspNetCompiler.VirtualPath = "/ShoppingCartExample"
		Debug.AspNetCompiler.PhysicalPath = "..\..\..\..\Desktop\ShoppingCartExample\ShoppingCartExample\"
		Debug.AspNetCompiler.TargetPath = "PrecompiledWeb\ShoppingCartExample\"
		Debug.AspNetCompiler.Updateable = "true"
		Debug.AspNetCompiler.ForceOverwrite = "true"
		Debug.AspNetCompiler.FixedNames = "false"
		Debug.AspNetCompiler.Debug = "True"
		Release.AspNetCompiler.VirtualPath = "/ShoppingCartExample"
		Release.AspNetCompiler.PhysicalPath = "..\..\..\..\Desktop\ShoppingCartExample\ShoppingCartExample\"
		Release.AspNetCompiler.TargetPath = "PrecompiledWeb\ShoppingCartExample\"
		Release.AspNetCompiler.Updateable = "true"
		Release.AspNetCompiler.ForceOverwrite = "true"
		Release.AspNetCompiler.FixedNames = "false"
		Release.AspNetCompiler.Debug = "False"
		VWDPort = "4340"
	EndProjectSection
EndProject
Global
	GlobalSection(SolutionConfigurationPlatforms) = preSolution
		Debug|.NET = Debug|.NET
	EndGlobalSection
	GlobalSection(ProjectConfigurationPlatforms) = postSolution
		{6139F4C3-3626-4B83-B403-19351A894567}.Debug|.NET.ActiveCfg = Debug|.NET
		{6139F4C3-3626-4B83-B403-19351A894567}.Debug|.NET.Build.0 = Debug|.NET
	EndGlobalSection
	GlobalSection(SolutionProperties) = preSolution
		HideSolutionNode = FALSE
	EndGlobalSection
EndGlobal
